
Microsoft Visual Studio Solution File, Format Version 12.00
# Visual Studio Version 16
VisualStudioVersion = 16.0.31829.152
MinimumVisualStudioVersion = 10.0.40219.1
Project("{9A19103F-16F7-4668-BE54-9A1E7A4F7556}") = "WordleEngine", "WordleEngine.csproj", "{B5F2E479-94F2-45CB-A3ED-FE31CE27E6CA}"
EndProject
Project("{9A19103F-16F7-4668-BE54-9A1E7A4F7556}") = "WordleEngine.Tests", "..\..\test\WordleEngine.Tests\WordleEngine.Tests.csproj", "{C251A484-03D7-4F87-8541-581389FFF9A6}"
EndProject
Global
	GlobalSection(SolutionConfigurationPlatforms) = preSolution
		Debug|Any CPU = Debug|Any CPU
		Release|Any CPU = Release|Any CPU
	EndGlobalSection
	GlobalSection(ProjectConfigurationPlatforms) = postSolution
		{B5F2E479-94F2-45CB-A3ED-FE31CE27E6CA}.Debug|Any CPU.ActiveCfg = Debug|Any CPU
		{B5F2E479-94F2-45CB-A3ED-FE31CE27E6CA}.Debug|Any CPU.Build.0 = Debug|Any CPU
		{B5F2E479-94F2-45CB-A3ED-FE31CE27E6CA}.Release|Any CPU.ActiveCfg = Release|Any CPU
		{B5F2E479-94F2-45CB-A3ED-FE31CE27E6CA}.Release|Any CPU.Build.0 = Release|Any CPU
		{C251A484-03D7-4F87-8541-581389FFF9A6}.Debug|Any CPU.ActiveCfg = Debug|Any CPU
		{C251A484-03D7-4F87-8541-581389FFF9A6}.Debug|Any CPU.Build.0 = Debug|Any CPU
		{C251A484-03D7-4F87-8541-581389FFF9A6}.Release|Any CPU.ActiveCfg = Release|Any CPU
		{C251A484-03D7-4F87-8541-581389FFF9A6}.Release|Any CPU.Build.0 = Release|Any CPU
	EndGlobalSection
	GlobalSection(SolutionProperties) = preSolution
		HideSolutionNode = FALSE
	EndGlobalSection
	GlobalSection(ExtensibilityGlobals) = postSolution
		SolutionGuid = {3BF8CD03-EA98-49C8-8E25-152ACB3C6A85}
	EndGlobalSection
EndGlobal
